{
  "requires": true,
  "lockfileVersion": 1,
  "dependencies": {
    "http-cache-semantics": {
      "version": "3.8.1",
      "resolved": "https://registry.npmjs.org/http-cache-semantics/-/http-cache-semantics-3.8.1.tgz",
      "integrity": "sha512-5ai2iksyV8ZXmnZhHH4rWPoxxistEexSi5936zIQ1bnNTW5VnA85B6P/VpXiRM017IgRvb2kKo1a//y+0wSp3w==",
      "dev": true
    }
  }
}
